
Microsoft Visual Studio Solution File, Format Version 12.00
# Visual Studio Version 17
VisualStudioVersion = 17.5.33424.131
MinimumVisualStudioVersion = 10.0.40219.1
Project("{9A19103F-16F7-4668-BE54-9A1E7A4F7556}") = "TurkcellHighSchoolManagerSystem", "TurkcellHighSchoolManagerSystem.csproj", "{278B0DE4-7860-434C-BD98-5693435F5DD5}"
EndProject
Global
	GlobalSection(SolutionConfigurationPlatforms) = preSolution
		Debug|Any CPU = Debug|Any CPU
		Release|Any CPU = Release|Any CPU
	EndGlobalSection
	GlobalSection(ProjectConfigurationPlatforms) = postSolution
		{278B0DE4-7860-434C-BD98-5693435F5DD5}.Debug|Any CPU.ActiveCfg = Debug|Any CPU
		{278B0DE4-7860-434C-BD98-5693435F5DD5}.Debug|Any CPU.Build.0 = Debug|Any CPU
		{278B0DE4-7860-434C-BD98-5693435F5DD5}.Release|Any CPU.ActiveCfg = Release|Any CPU
		{278B0DE4-7860-434C-BD98-5693435F5DD5}.Release|Any CPU.Build.0 = Release|Any CPU
	EndGlobalSection
	GlobalSection(SolutionProperties) = preSolution
		HideSolutionNode = FALSE
	EndGlobalSection
	GlobalSection(ExtensibilityGlobals) = postSolution
		SolutionGuid = {6EC5D46B-6D23-4A94-B5F7-83AC977FE0D3}
	EndGlobalSection
EndGlobal
